
Microsoft Visual Studio Solution File, Format Version 12.00
# Visual Studio Version 17
VisualStudioVersion = 17.6.33723.286
MinimumVisualStudioVersion = 10.0.40219.1
Project("{FAE04EC0-301F-11D3-BF4B-00C04F79EFBC}") = "ClassTest", "ClassTest.csproj", "{DFCF8E3E-3DB6-4E94-B095-5397C6826838}"
EndProject
Global
	GlobalSection(SolutionConfigurationPlatforms) = preSolution
		Debug|Any CPU = Debug|Any CPU
		Release|Any CPU = Release|Any CPU
	EndGlobalSection
	GlobalSection(ProjectConfigurationPlatforms) = postSolution
		{DFCF8E3E-3DB6-4E94-B095-5397C6826838}.Debug|Any CPU.ActiveCfg = Debug|Any CPU
		{DFCF8E3E-3DB6-4E94-B095-5397C6826838}.Debug|Any CPU.Build.0 = Debug|Any CPU
		{DFCF8E3E-3DB6-4E94-B095-5397C6826838}.Release|Any CPU.ActiveCfg = Release|Any CPU
		{DFCF8E3E-3DB6-4E94-B095-5397C6826838}.Release|Any CPU.Build.0 = Release|Any CPU
	EndGlobalSection
	GlobalSection(SolutionProperties) = preSolution
		HideSolutionNode = FALSE
	EndGlobalSection
	GlobalSection(ExtensibilityGlobals) = postSolution
		SolutionGuid = {42DAB6AD-8F77-417F-ABE2-D5B3C394A83D}
	EndGlobalSection
EndGlobal
